{
    "_meta": {
        "hash": {
            "sha256": "4590b75bf857310c1bf07109e3f8230becf94e849e884837fcedd6b954530314"
        },
        "pipfile-spec": 6,
        "requires": {
            "python_version": "3.9"
        },
        "sources": [
            {
                "name": "pypi",
                "url": "https://pypi.org/simple",
                "verify_ssl": true
            }
        ]
    },
    "default": {
        "bottle": {
            "hashes": [
                "sha256:a9d73ffcbc6a1345ca2d7949638db46349f5b2b77dac65d6494d45c23628da2c",
                "sha256:f6b8a34fe9aa406f9813c02990db72ca69ce6a158b5b156d2c41f345016a723d"
            ],
            "index": "pypi",
            "version": "==0.12.19"
        },
        "mod-wsgi": {
            "hashes": [
                "sha256:1f1a22511e7700c7d4d26b14768937c919ae5f53e80f5352226a218d866156ec"
            ],
            "index": "pypi",
            "version": "==4.9.0"
        }
    },
    "develop": {}
}develop": {}
}
